# This file is autogenerated, do not edit; changes may be undone by the next 'dep ensure'.


[[projects]]
  name = "git.apache.org/thrift.git"
  packages = ["lib/go/thrift"]
  revision = "327ebb6c2b6df8bf075da02ef45a2a034e9b79ba"
  version = "0.11.0"

[[projects]]
  name = "github.com/BurntSushi/toml"
  packages = ["."]
  revision = "b26d9c308763d68093482582cea63d69be07a0f0"
  version = "v0.3.0"

[[projects]]
  branch = "master"
  name = "golang.org/x/net"
  packages = ["context"]
  revision = "57065200b4b034a1c8ad54ff77069408c2218ae6"

[solve-meta]
  analyzer-name = "dep"
  analyzer-version = 1
  inputs-digest = "965152f2178b1f226719717906fe3b930201f017c36b2a4df7c3a587880eb614"
  solver-name = "gps-cdcl"
  solver-version = 1
